
Microsoft Visual Studio Solution File, Format Version 12.00
# Visual Studio Version 17
VisualStudioVersion = 17.14.36301.6 d17.14
MinimumVisualStudioVersion = 10.0.40219.1
Project("{888888A0-9F3D-457C-B088-3A5042F75D52}") = "PlayerPerformanceAnalysis", "PlayerPerformanceAnalysis.pyproj", "{A09C6851-0630-4F88-A6BC-F11E19C0D5C1}"
EndProject
Global
	GlobalSection(SolutionConfigurationPlatforms) = preSolution
		Debug|Any CPU = Debug|Any CPU
		Release|Any CPU = Release|Any CPU
	EndGlobalSection
	GlobalSection(ProjectConfigurationPlatforms) = postSolution
		{A09C6851-0630-4F88-A6BC-F11E19C0D5C1}.Debug|Any CPU.ActiveCfg = Debug|Any CPU
		{A09C6851-0630-4F88-A6BC-F11E19C0D5C1}.Release|Any CPU.ActiveCfg = Release|Any CPU
	EndGlobalSection
	GlobalSection(SolutionProperties) = preSolution
		HideSolutionNode = FALSE
	EndGlobalSection
	GlobalSection(ExtensibilityGlobals) = postSolution
		SolutionGuid = {AE078419-9A5D-4DAD-B888-05FCC752B5D1}
	EndGlobalSection
EndGlobal
